
Microsoft Visual Studio Solution File, Format Version 12.00
# Visual Studio Version 17
VisualStudioVersion = 17.4.33110.190
MinimumVisualStudioVersion = 10.0.40219.1
Project("{9A19103F-16F7-4668-BE54-9A1E7A4F7556}") = "Day02", "Day02\Day02.csproj", "{316AEA11-A826-4394-8485-21CB2DC9BCB6}"
EndProject
Project("{9A19103F-16F7-4668-BE54-9A1E7A4F7556}") = "Day01", "Day01\Day01.csproj", "{EA342318-25F5-4459-A30F-57BD254CCA18}"
EndProject
Project("{9A19103F-16F7-4668-BE54-9A1E7A4F7556}") = "Day03", "Day03\Day03.csproj", "{7C42B2F8-63E9-47CB-9BC6-BDE2A97CA9F4}"
EndProject
Project("{FAE04EC0-301F-11D3-BF4B-00C04F79EFBC}") = "Input", "input\Input.csproj", "{16401095-8578-43F7-9D32-941C97CE3234}"
EndProject
Global
	GlobalSection(SolutionConfigurationPlatforms) = preSolution
		Debug|Any CPU = Debug|Any CPU
		Release|Any CPU = Release|Any CPU
	EndGlobalSection
	GlobalSection(ProjectConfigurationPlatforms) = postSolution
		{316AEA11-A826-4394-8485-21CB2DC9BCB6}.Debug|Any CPU.ActiveCfg = Debug|Any CPU
		{316AEA11-A826-4394-8485-21CB2DC9BCB6}.Debug|Any CPU.Build.0 = Debug|Any CPU
		{316AEA11-A826-4394-8485-21CB2DC9BCB6}.Release|Any CPU.ActiveCfg = Release|Any CPU
		{316AEA11-A826-4394-8485-21CB2DC9BCB6}.Release|Any CPU.Build.0 = Release|Any CPU
		{EA342318-25F5-4459-A30F-57BD254CCA18}.Debug|Any CPU.ActiveCfg = Debug|Any CPU
		{EA342318-25F5-4459-A30F-57BD254CCA18}.Debug|Any CPU.Build.0 = Debug|Any CPU
		{EA342318-25F5-4459-A30F-57BD254CCA18}.Release|Any CPU.ActiveCfg = Release|Any CPU
		{EA342318-25F5-4459-A30F-57BD254CCA18}.Release|Any CPU.Build.0 = Release|Any CPU
		{7C42B2F8-63E9-47CB-9BC6-BDE2A97CA9F4}.Debug|Any CPU.ActiveCfg = Debug|Any CPU
		{7C42B2F8-63E9-47CB-9BC6-BDE2A97CA9F4}.Debug|Any CPU.Build.0 = Debug|Any CPU
		{7C42B2F8-63E9-47CB-9BC6-BDE2A97CA9F4}.Release|Any CPU.ActiveCfg = Release|Any CPU
		{7C42B2F8-63E9-47CB-9BC6-BDE2A97CA9F4}.Release|Any CPU.Build.0 = Release|Any CPU
		{16401095-8578-43F7-9D32-941C97CE3234}.Debug|Any CPU.ActiveCfg = Debug|Any CPU
		{16401095-8578-43F7-9D32-941C97CE3234}.Debug|Any CPU.Build.0 = Debug|Any CPU
		{16401095-8578-43F7-9D32-941C97CE3234}.Release|Any CPU.ActiveCfg = Release|Any CPU
		{16401095-8578-43F7-9D32-941C97CE3234}.Release|Any CPU.Build.0 = Release|Any CPU
	EndGlobalSection
	GlobalSection(SolutionProperties) = preSolution
		HideSolutionNode = FALSE
	EndGlobalSection
	GlobalSection(ExtensibilityGlobals) = postSolution
		SolutionGuid = {5CB1F9A9-111C-4A92-A79E-AFB9EDA9C166}
	EndGlobalSection
EndGlobal
